version = 1
revision = 3
requires-python = ">=3.13"

[[package]]
name = "cachetools"
version = "7.1.1"
source = { registry = "https://pypi.org/simple" }
sdist = { url = "https://files.pythonhosted.org/packages/ff/e2/85f227594656000ff4d8adadae91a21f536d4a84c6c716a86bd6685874be/cachetools-7.1.1.tar.gz", hash = "sha256:27bdf856d68fd3c71c26c01b5edc312124ed427524d1ddb31aa2b7746fe20d4b", size = 40202, upload-time = "2026-05-03T20:00:29.391Z" }
wheels = [
    { url = "https://files.pythonhosted.org/packages/bf/0f/f897abe4ea0a8c408ae65c8c83bffab4936ad65d6032d4fb4cd35bbdc3ee/cachetools-7.1.1-py3-none-any.whl", hash = "sha256:0335cd7a0952d2b22327441fb0628139e234c565559eeb91a8a4ac7551c5353d", size = 16775, upload-time = "2026-05-03T20:00:27.857Z" },
]

[[package]]
name = "crcmod"
version = "1.7"
source = { registry = "https://pypi.org/simple" }
sdist = { url = "https://files.pythonhosted.org/packages/6b/b0/e595ce2a2527e169c3bcd6c33d2473c1918e0b7f6826a043ca1245dd4e5b/crcmod-1.7.tar.gz", hash = "sha256:dc7051a0db5f2bd48665a990d3ec1cc305a466a77358ca4492826f41f283601e", size = 89670, upload-time = "2010-06-27T14:35:29.538Z" }

[[package]]
name = "dominate"
version = "2.9.1"
source = { registry = "https://pypi.org/simple" }
sdist = { url = "https://files.pythonhosted.org/packages/fb/f3/1c8088ff19a0fcd9c3234802a0ee47006ea64bd8852f1019194f0e3583ff/dominate-2.9.1.tar.gz", hash = "sha256:558284687d9b8aae1904e3d6051ad132dd4a8c0cf551b37ea4e7e42a31d19dc4", size = 37715, upload-time = "2023-12-24T20:45:19.192Z" }
wheels = [
    { url = "https://files.pythonhosted.org/packages/58/19/0380af745f151a1648657bbcef0fb49ac28bf09083d94498163ffd9b32dc/dominate-2.9.1-py2.py3-none-any.whl", hash = "sha256:cb7b6b79d33b15ae0a6e87856b984879927c7c2ebb29522df4c75b28ffd9b989", size = 29976, upload-time = "2023-12-24T20:45:17.154Z" },
]

[[package]]
name = "ext4"
version = "1.4.1"
source = { registry = "https://pypi.org/simple" }
dependencies = [
    { name = "cachetools" },
    { name = "crcmod" },
]
sdist = { url = "https://files.pythonhosted.org/packages/14/8d/84e7acf421dee99646d263ef765025cc67782fe90b8dc2d7ea7029106ed5/ext4-1.4.1.tar.gz", hash = "sha256:48e92b5afa5d8a43518204a611d2318a301c894212a2c4823c00f49b953636c3", size = 25140, upload-time = "2026-05-15T04:44:51.726Z" }
wheels = [
    { url = "https://files.pythonhosted.org/packages/64/ac/0e2b4418941cfce3e5593e51561629aac6d8b1b473cb490912d6e3be9493/ext4-1.4.1-cp313-cp313-manylinux_2_34_aarch64.whl", hash = "sha256:caf45730c2b49da09ece9ce5161e8a16fd443c1e8a015e235424ac512e4f6a16", size = 672928, upload-time = "2026-05-15T04:44:04.156Z" },
    { url = "https://files.pythonhosted.org/packages/5c/98/0c792fd0786f42825c7b7a8c6f830146b6948647d92c0e9e4237c8169df3/ext4-1.4.1-cp313-cp313-manylinux_2_34_armv7l.manylinux_2_35_armv7l.whl", hash = "sha256:b8b123a695e7a7bbf6b819000fad9fc69cda526e707ab7af18c7b18f9462d7f8", size = 699973, upload-time = "2026-05-15T04:44:06.547Z" },
    { url = "https://files.pythonhosted.org/packages/d4/5c/e8a6e0a2e16ce6c92f28ebe18ecf2940f843991221aef1f63ae545935995/ext4-1.4.1-cp313-cp313-manylinux_2_34_i686.whl", hash = "sha256:583dbad25746ad95df3f68c1dbf1c9c19a601db6a404c308f957b7d3ec924d10", size = 784981, upload-time = "2026-05-15T04:44:08.147Z" },
    { url = "https://files.pythonhosted.org/packages/77/fe/5625a7c8efc3227122205096c23affa933fad27bed3e7ae258b8b7d6ebb0/ext4-1.4.1-cp313-cp313-manylinux_2_34_ppc64le.whl", hash = "sha256:c018b0226304fc8c0f3bd74ac4af846ef4995947e82191b58e3af8f23359edc3", size = 762113, upload-time = "2026-05-15T04:44:09.939Z" },
    { url = "https://files.pythonhosted.org/packages/8f/a0/3480b60334f2016ce5a80432a07d5135c763188b3242da0fac48ad080645/ext4-1.4.1-cp313-cp313-manylinux_2_34_riscv64.manylinux_2_39_riscv64.whl", hash = "sha256:f606467b9a53a56ca6e7f9b03ad1b63ab331dd4485b9719faebc2194f9eff0a1", size = 715176, upload-time = "2026-05-15T04:44:11.804Z" },
    { url = "https://files.pythonhosted.org/packages/2e/bc/ab3ec142a8b2d0628a820a15551ac30729be54346c13c78bda57d73d808d/ext4-1.4.1-cp313-cp313-manylinux_2_34_s390x.whl", hash = "sha256:a45a2acf3c18da29e7d2c6277170bfd819ed59c7c59aeaba5a2e168bcec2f5dc", size = 796219, upload-time = "2026-05-15T04:44:13.565Z" },
    { url = "https://files.pythonhosted.org/packages/1d/93/cbf2578fef3eca4bf5768776c501fdd9add4e218565fc5e876d495fb11a9/ext4-1.4.1-cp313-cp313-manylinux_2_34_x86_64.whl", hash = "sha256:b337e994533d56e6de7af6f59fc2f27ab4139c092c72af79bbb64bf26c141707", size = 747336, upload-time = "2026-05-15T04:44:15.239Z" },
    { url = "https://files.pythonhosted.org/packages/89/f6/726b5d6034eb8456d0dd3f1fdc75dadae393c02d9439980764423760161c/ext4-1.4.1-cp313-cp313-musllinux_1_2_aarch64.whl", hash = "sha256:7148d2b5d0f704d6829a2a35365961e06bb997a38f8acf1b6f651308294688c5", size = 687693, upload-time = "2026-05-15T04:44:16.784Z" },
    { url = "https://files.pythonhosted.org/packages/56/2c/ca6776e84cb6194de320f58988baac12f1c7495eca63d2713afa31f0bcb2/ext4-1.4.1-cp313-cp313-musllinux_1_2_armv7l.whl", hash = "sha256:0a9c7e717fe181af4aa0555020c619141110a3cf1bf1a939299d809fc9578631", size = 693091, upload-time = "2026-05-15T04:44:18.395Z" },
    { url = "https://files.pythonhosted.org/packages/0b/7a/efd913277556a7b100a9515d0c4dd9a19afbe5409b078909e44aa3e2944a/ext4-1.4.1-cp313-cp313-musllinux_1_2_i686.whl", hash = "sha256:66a7681113d74d682485e4333e2e86fcb0c416df49c80d394dd2bd41b6e7f4df", size = 798613, upload-time = "2026-05-15T04:44:20.246Z" },
    { url = "https://files.pythonhosted.org/packages/80/31/1c78f417097a04b0f8e05aadd0bc3913e6ed0b69b9621325ab2c6d569fdb/ext4-1.4.1-cp313-cp313-musllinux_1_2_ppc64le.whl", hash = "sha256:728c6ebac31dea5d418310ef4b7177a1f0413013aa633106fb06728e37a9d2f5", size = 777377, upload-time = "2026-05-15T04:44:22.177Z" },
    { url = "https://files.pythonhosted.org/packages/a1/e6/e1ab15fbcaf8412ee79aaea8c0cd483054ef8cbe827a1659ffffcfa711bd/ext4-1.4.1-cp313-cp313-musllinux_1_2_riscv64.whl", hash = "sha256:d2edc2807191ebac992da8dd948647f38dc01f6f69f835014ca7172b45a233a6", size = 719925, upload-time = "2026-05-15T04:44:23.725Z" },
    { url = "https://files.pythonhosted.org/packages/dd/6c/91aefc310516e5570d1c5ae22f23f163a0cfca5fc45a18540d6d0c8a668c/ext4-1.4.1-cp313-cp313-musllinux_1_2_s390x.whl", hash = "sha256:3cba3b5fc199b9a48c7a316d8a1bc63a6c38236b726b26e4cb2081a4f6e40ff9", size = 797692, upload-time = "2026-05-15T04:44:25.453Z" },
    { url = "https://files.pythonhosted.org/packages/ad/a8/6caa864ca554a34773f9218fdab713f90039d73e823e511642aed9467312/ext4-1.4.1-cp313-cp313-musllinux_1_2_x86_64.whl", hash = "sha256:a83521ea274bd9d812b83553a7b81711e1b732f8c80a69b62e2faa6409bc0935", size = 757838, upload-time = "2026-05-15T04:44:26.896Z" },
    { url = "https://files.pythonhosted.org/packages/63/9c/473e57d11fa043d0e5caeee9ea702a7f7ba3a163d2280fb4df9351be7956/ext4-1.4.1-cp314-cp314-manylinux_2_34_aarch64.whl", hash = "sha256:c6272c63c836b3617ed5dc69f0d37edcaa7305ee4076c05729005b626d5be282", size = 697789, upload-time = "2026-05-15T04:44:28.772Z" },
    { url = "https://files.pythonhosted.org/packages/42/b2/ca0b9911fdb775d4a57fce556bf4f61166ccac0beeb0b5b1b1e050e507aa/ext4-1.4.1-cp314-cp314-manylinux_2_34_armv7l.manylinux_2_35_armv7l.whl", hash = "sha256:f35f1f77c8571a4a274b5a64f5160cfb25eeecfb4b3c57ad47eeadaa17fa3120", size = 698097, upload-time = "2026-05-15T04:44:30.354Z" },
    { url = "https://files.pythonhosted.org/packages/00/f5/edb39ef9da6da1080b30961f1bb43bacd98a8ec5d23d4e0d80f0bd4f27ec/ext4-1.4.1-cp314-cp314-manylinux_2_34_ppc64le.whl", hash = "sha256:e04031f24a0f66e392c32e7b530f32d0a540dc09cc4243c7d37d3d8a1f0bceaa", size = 784275, upload-time = "2026-05-15T04:44:32.158Z" },
    { url = "https://files.pythonhosted.org/packages/09/8a/d36f1f8391f90562fb25b524ba85e4b6d7674385ff90b66d7477b8bf8073/ext4-1.4.1-cp314-cp314-manylinux_2_34_riscv64.manylinux_2_39_riscv64.whl", hash = "sha256:683dfe92ec1dc216d40f0deaab6b53f6ad2864e8c1475551ad5a4e09e94acaaf", size = 735202, upload-time = "2026-05-15T04:44:34.068Z" },
    { url = "https://files.pythonhosted.org/packages/77/25/2f62432eb941280e598d4f8feb6d4d9b2facf9797e6207d3c306e0f3a556/ext4-1.4.1-cp314-cp314-manylinux_2_34_s390x.whl", hash = "sha256:ef139dc9eb081bffacc934c287accd3acf214d940c2242a5d716ba912865f2ca", size = 821721, upload-time = "2026-05-15T04:44:35.735Z" },
    { url = "https://files.pythonhosted.org/packages/64/6c/2aaf3671d756f69b8b8877da89fa3bd893472314f4e086b3d5446c2be0c9/ext4-1.4.1-cp314-cp314-manylinux_2_34_x86_64.whl", hash = "sha256:66f6669faa61957b43cb605a6fe602be6e1a11d3db066f40ca7063ff1203d52a", size = 771226, upload-time = "2026-05-15T04:44:37.442Z" },
    { url = "https://files.pythonhosted.org/packages/29/c6/eafb67be5358b3fbf1b957571776fbad0b9e4dde13ef2807aca39265aee6/ext4-1.4.1-cp314-cp314-musllinux_1_2_aarch64.whl", hash = "sha256:3fcfe0a74d87cae499f1af111d9aafe263005c5567ea981e9553f6b1adea4e93", size = 710995, upload-time = "2026-05-15T04:44:39.367Z" },
    { url = "https://files.pythonhosted.org/packages/03/98/056bd1e1df32e6ccb1b6b417292b847748f62d5723ac80cf0c760a51e8de/ext4-1.4.1-cp314-cp314-musllinux_1_2_armv7l.whl", hash = "sha256:9449c93893baf511bcdd637c2660ad6196b6a95f2671e0ff7416912730017130", size = 686180, upload-time = "2026-05-15T04:44:41.009Z" },
    { url = "https://files.pythonhosted.org/packages/ac/12/384a29c960e6de8c16dd369d8d3464295dc5a49b1a346dd24cd5a825a959/ext4-1.4.1-cp314-cp314-musllinux_1_2_i686.whl", hash = "sha256:c31ee463e6e693c055a1545026bd864dbe14894b641fcf6379e1dc2005036d05", size = 813920, upload-time = "2026-05-15T04:44:42.511Z" },
    { url = "https://files.pythonhosted.org/packages/0a/82/3bd3ccc32e579adf0b7c65b65a0f6cfe403114c5d3c22821e2a797f91c1d/ext4-1.4.1-cp314-cp314-musllinux_1_2_ppc64le.whl", hash = "sha256:778ecfc20f2924cacb3128406333d148173f0cd999a4da8b91a24d0d0cc79d2b", size = 799434, upload-time = "2026-05-15T04:44:44.138Z" },
    { url = "https://files.pythonhosted.org/packages/58/5b/0962e5b1eaf8c7c3587fa02d23c68bfc388d3ccff5e7b016c45c0ad3edbd/ext4-1.4.1-cp314-cp314-musllinux_1_2_riscv64.whl", hash = "sha256:3c9baceb8721779754aa0780f7a1be507be2f9db844b087be2cf545a0f548262", size = 735456, upload-time = "2026-05-15T04:44:46.044Z" },
    { url = "https://files.pythonhosted.org/packages/f2/15/adad74db8710244a4a2134e659c9f84c2edf89f2025ce15540765e1697ff/ext4-1.4.1-cp314-cp314-musllinux_1_2_s390x.whl", hash = "sha256:98642120367fa1bfc138bc974918bb35bc40bd374bc06d68da9140ac3ec6ab7a", size = 824890, upload-time = "2026-05-15T04:44:47.623Z" },
    { url = "https://files.pythonhosted.org/packages/9b/c6/1e7117d0e17f6adbb4779088aec8f492d374ac9bb8fbf1a6f216ec1d9345/ext4-1.4.1-cp314-cp314-musllinux_1_2_x86_64.whl", hash = "sha256:ffdda0cc822700f454150e1b769d532e6c7329c5bf51a4fc9b454bf87b27022d", size = 780284, upload-time = "2026-05-15T04:44:49.061Z" },
    { url = "https://files.pythonhosted.org/packages/e4/9b/32ffae636b8ad3a7568ec810ca4c106f4c9ba3d3bde1621a062d027155e0/ext4-1.4.1-py3-none-any.whl", hash = "sha256:a92ce289160162d6e68a9ccc9c717184bfa65c1b547de6bd801b248bd98daede", size = 29633, upload-time = "2026-05-15T04:44:50.636Z" },
]

[[package]]
name = "pixel-carriersettings-extractor"
version = "1.0.0"
source = { editable = "." }
dependencies = [
    { name = "dominate" },
    { name = "ext4" },
]

[package.dev-dependencies]
dev = [
    { name = "ruff" },
]

[package.metadata]
requires-dist = [
    { name = "dominate" },
    { name = "ext4" },
]

[package.metadata.requires-dev]
dev = [{ name = "ruff", specifier = ">=0.15.21" }]

[[package]]
name = "ruff"
version = "0.15.21"
source = { registry = "https://pypi.org/simple" }
sdist = { url = "https://files.pythonhosted.org/packages/0f/36/6f65aa9989acdec45d417192d8f4e7921931d8a6cf87ac74bce3eed98a8e/ruff-0.15.21.tar.gz", hash = "sha256:d0cfc841c572283c36548f82664a54ce6565567f1b0d5b4cf2caac693d8b7500", size = 4769401, upload-time = "2026-07-09T20:01:34.005Z" }
wheels = [
    { url = "https://files.pythonhosted.org/packages/d0/c6/ede15cac6839f3dbce52565c8f5164a8210e669c7bc4decb03e5bdf47d0d/ruff-0.15.21-py3-none-linux_armv6l.whl", hash = "sha256:63ea0e965e5d73c90e95b2434beeafc70820536717f561b32ab6e777cb9bdf5d", size = 10854342, upload-time = "2026-07-09T20:00:53.998Z" },
    { url = "https://files.pythonhosted.org/packages/28/9d/d825b07ee7ea9e2d61df92a860033c94e06e7300d50a1c2653aac27d24fe/ruff-0.15.21-py3-none-macosx_10_12_x86_64.whl", hash = "sha256:0f212c5d7d54c01bbfe6dcab02b724a39300f3e34ed7acbe995ccb320a2c58bd", size = 11139539, upload-time = "2026-07-09T20:00:57.809Z" },
    { url = "https://files.pythonhosted.org/packages/f5/de/3b107712e642f063c7a9e0887c427b22cb44097de5aab36c05f2e280670c/ruff-0.15.21-py3-none-macosx_11_0_arm64.whl", hash = "sha256:e6312e41bc96791299614995ea3a977c5857c3b5662b1ecef6755b02b87cb646", size = 10595437, upload-time = "2026-07-09T20:01:00.006Z" },
    { url = "https://files.pythonhosted.org/packages/9a/6f/b4523cc90ba239ede441447a19d0c968846a3012e5a0b0c5b62831a3d5e3/ruff-0.15.21-py3-none-manylinux_2_17_aarch64.manylinux2014_aarch64.whl", hash = "sha256:01d65b4831c6b2a4ba8ee6faa84049d44d982b7a706e622c4094c509e51673be", size = 10990053, upload-time = "2026-07-09T20:01:02.187Z" },
    { url = "https://files.pythonhosted.org/packages/92/cc/c6a9872a5375f0628875481cf2f66b13d7d865bf3ca2e57f91c7e762d976/ruff-0.15.21-py3-none-manylinux_2_17_armv7l.manylinux2014_armv7l.whl", hash = "sha256:2c5a913a589120ce67933d5d05fd6ddbcc2481c6a054980ee767f7414c72b4fd", size = 10666096, upload-time = "2026-07-09T20:01:04.299Z" },
    { url = "https://files.pythonhosted.org/packages/ab/97/c621f7a17e097f1790fa3af6374138823b330b2d03fc38337945daca212c/ruff-0.15.21-py3-none-manylinux_2_17_i686.manylinux2014_i686.whl", hash = "sha256:5ef04b681d02ad4dc9620f00f83ac5c22f652d0e9a9cfe431d219b16ad5ccc41", size = 11537011, upload-time = "2026-07-09T20:01:06.771Z" },
    { url = "https://files.pythonhosted.org/packages/ea/51/d928727e476e25ccc57c6f449ffd80241a651a973ad949d39cfb2a771d28/ruff-0.15.21-py3-none-manylinux_2_17_ppc64le.manylinux2014_ppc64le.whl", hash = "sha256:16d090c0740916594157e75b80d666eab8e78083b39b3b0e1d698f4670a17b86", size = 12347101, upload-time = "2026-07-09T20:01:08.859Z" },
    { url = "https://files.pythonhosted.org/packages/1e/88/8cd62026802b16018ad06931d87997cf795ba2a6239ab659606c87d96bf0/ruff-0.15.21-py3-none-manylinux_2_17_s390x.manylinux2014_s390x.whl", hash = "sha256:3a10e74757dd65004d779b73e2f3c5210156d9980b41224d50d2ebcf1db51e67", size = 11572001, upload-time = "2026-07-09T20:01:11.092Z" },
    { url = "https://files.pythonhosted.org/packages/b2/97/f63084cf55444fc110e8cb985ebfcc592af47f597d44453d778cb81bc156/ruff-0.15.21-py3-none-manylinux_2_17_x86_64.manylinux2014_x86_64.whl", hash = "sha256:bab0905d2f29e0d9fbc3c373ed23db0095edaa3f71f1f4f519ec15134d9e85c8", size = 11549239, upload-time = "2026-07-09T20:01:13.27Z" },
    { url = "https://files.pythonhosted.org/packages/9d/77/f107da4a2874b7715914b03f09ba9c54424de3ff8a1cc5d015d3ee2ce0ac/ruff-0.15.21-py3-none-manylinux_2_31_riscv64.whl", hash = "sha256:00eca240af5789fec6fe7df74c088cc1f9644ed83027113468efba7c92b94075", size = 11535340, upload-time = "2026-07-09T20:01:15.206Z" },
    { url = "https://files.pythonhosted.org/packages/d5/e9/601deb322d3303a7bf212b0100ead6f2ee3f6a044d89c30f2f92bf83c731/ruff-0.15.21-py3-none-musllinux_1_2_aarch64.whl", hash = "sha256:262ab31557a75141325e32d3357f3597645a7f084e732b6b054dde428ecd9341", size = 10964048, upload-time = "2026-07-09T20:01:17.723Z" },
    { url = "https://files.pythonhosted.org/packages/ea/2e/0f2176d1e99c15192caea19c8c3a0a955246b4cb4de795042eeb616345cd/ruff-0.15.21-py3-none-musllinux_1_2_armv7l.whl", hash = "sha256:659c4e7a4212f83306045ec7c5e5a356d16d9a6ef4ae0c7a4d872914fc655d9d", size = 10667055, upload-time = "2026-07-09T20:01:19.73Z" },
    { url = "https://files.pythonhosted.org/packages/48/60/abd74a02e0c4214f12a68becfd30af7165cfdcb0e661ecdc60bbb949c09a/ruff-0.15.21-py3-none-musllinux_1_2_i686.whl", hash = "sha256:9e866eab611a5f959d36df2d10e446973a3610bc42b0c15b31dc27977d59c233", size = 11242043, upload-time = "2026-07-09T20:01:21.947Z" },
    { url = "https://files.pythonhosted.org/packages/b2/c6/583075d8ccabb4b229345edcaf1545eb3d8d6be90f686a479d7e94088bbf/ruff-0.15.21-py3-none-musllinux_1_2_x86_64.whl", hash = "sha256:e89bc93c0d3803ba870b55c29671bad9dc6d94bb1eb181b056b52eb05b52854f", size = 11648064, upload-time = "2026-07-09T20:01:24.023Z" },
    { url = "https://files.pythonhosted.org/packages/3a/3c/37d0ecb729a7cc2d393ea7dce316fc585680f35d93b8d62139d7d0a3700c/ruff-0.15.21-py3-none-win32.whl", hash = "sha256:01f8d5be84823c172b389e123174f781f9daf86d6c58719d603f941932195cdd", size = 10896555, upload-time = "2026-07-09T20:01:26.941Z" },
    { url = "https://files.pythonhosted.org/packages/c0/b8/e43466b2a6067ce91e669068f6e28d6c719a920f014b070d5c8731725de3/ruff-0.15.21-py3-none-win_amd64.whl", hash = "sha256:d4b8d9a2f0f12b816b50447f6eccb9f4bb01a6b82c86b50fb3b5354b458dc6d3", size = 12038772, upload-time = "2026-07-09T20:01:29.497Z" },
    { url = "https://files.pythonhosted.org/packages/dd/75/e90ab9aeece218a9fc5a5bc3ec97d0ee6bb3c4ff95869463c1de58e29a1c/ruff-0.15.21-py3-none-win_arm64.whl", hash = "sha256:6e83115d4b9377c1cbc13abf0e051f069fab0ef815ea0504a8a008cee24dd0a8", size = 11375265, upload-time = "2026-07-09T20:01:31.772Z" },
]
